
Microsoft Visual Studio Solution File, Format Version 12.00
# Visual Studio Version 16
VisualStudioVersion = 16.0.30804.86
MinimumVisualStudioVersion = 10.0.40219.1
Project("{FAE04EC0-301F-11D3-BF4B-00C04F79EFBC}") = "UrbPrados.Common", "UrbPrados.Common\UrbPrados.Common.csproj", "{38868A4C-B735-4CFA-B2A8-434FB645E31F}"
EndProject
Global
	GlobalSection(SolutionConfigurationPlatforms) = preSolution
		Debug|Any CPU = Debug|Any CPU
		Release|Any CPU = Release|Any CPU
	EndGlobalSection
	GlobalSection(ProjectConfigurationPlatforms) = postSolution
		{38868A4C-B735-4CFA-B2A8-434FB645E31F}.Debug|Any CPU.ActiveCfg = Debug|Any CPU
		{38868A4C-B735-4CFA-B2A8-434FB645E31F}.Debug|Any CPU.Build.0 = Debug|Any CPU
		{38868A4C-B735-4CFA-B2A8-434FB645E31F}.Release|Any CPU.ActiveCfg = Release|Any CPU
		{38868A4C-B735-4CFA-B2A8-434FB645E31F}.Release|Any CPU.Build.0 = Release|Any CPU
	EndGlobalSection
	GlobalSection(SolutionProperties) = preSolution
		HideSolutionNode = FALSE
	EndGlobalSection
	GlobalSection(ExtensibilityGlobals) = postSolution
		SolutionGuid = {F3EE1E32-EBBD-476D-87F3-FCC1681C4F19}
	EndGlobalSection
EndGlobal
